<?xml version="1.0" encoding="UTF-8"?>
<Scheme
   LastUpgradeVersion = "1420"
   version = "1.3">
   <BuildAction
      parallelizeBuildables = "YES"
      buildImplicitDependencies = "YES">
      <BuildActionEntries>
         <BuildActionEntry
            buildForTesting = "YES"
            buildForRunning = "YES"
            buildForProfiling = "YES"
            buildForArchiving = "YES"
            buildForAnalyzing = "YES">
            <BuildableReference
               BuildableIdentifier = "primary"
               BlueprintIdentifier = "8EECAA6B29B72A370033B764"
               BuildableName = "c64optimizer"
               BlueprintName = "c64optimizer"
               ReferencedContainer = "container:c64optimizer.xcodeproj">
            </BuildableReference>
         </BuildActionEntry>
      </BuildActionEntries>
   </BuildAction>
   <TestAction
      buildConfiguration = "Debug"
      selectedDebuggerIdentifier = "Xcode.DebuggerFoundation.Debugger.LLDB"
      selectedLauncherIdentifier = "Xcode.DebuggerFoundation.Launcher.LLDB"
      shouldUseLaunchSchemeArgsEnv = "YES">
      <Testables>
      </Testables>
   </TestAction>
   <LaunchAction
      buildConfiguration = "Debug"
      selectedDebuggerIdentifier = "Xcode.DebuggerFoundation.Debugger.LLDB"
      selectedLauncherIdentifier = "Xcode.DebuggerFoundation.Launcher.LLDB"
      launchStyle = "0"
      useCustomWorkingDirectory = "NO"
      ignoresPersistentStateOnLaunch = "NO"
      debugDocumentVersioning = "YES"
      debugServiceExtension = "internal"
      allowLocationSimulation = "YES"
      viewDebuggingEnabled = "No">
      <BuildableProductRunnable
         runnableDebuggingMode = "0">
         <BuildableReference
            BuildableIdentifier = "primary"
            BlueprintIdentifier = "8EECAA6B29B72A370033B764"
            BuildableName = "c64optimizer"
            BlueprintName = "c64optimizer"
            ReferencedContainer = "container:c64optimizer.xcodeproj">
         </BuildableReference>
      </BuildableProductRunnable>
      <CommandLineArguments>
         <CommandLineArgument
            argument = "-i /Users/jonatan/Desktop/venus.png"
            isEnabled = "NO">
         </CommandLineArgument>
         <CommandLineArgument
            argument = "-r"
            isEnabled = "NO">
         </CommandLineArgument>
         <CommandLineArgument
            argument = "-d"
            isEnabled = "NO">
         </CommandLineArgument>
         <CommandLineArgument
            argument = "-a Center"
            isEnabled = "NO">
         </CommandLineArgument>
         <CommandLineArgument
            argument = "-f"
            isEnabled = "NO">
         </CommandLineArgument>
         <CommandLineArgument
            argument = "-F"
            isEnabled = "NO">
         </CommandLineArgument>
         <CommandLineArgument
            argument = "-v 1"
            isEnabled = "NO">
         </CommandLineArgument>
         <CommandLineArgument
            argument = "-i /Users/jonatan/Desktop/Test/Images/Gogh_Starry_Night.jpg"
            isEnabled = "NO">
         </CommandLineArgument>
         <CommandLineArgument
            argument = "-i &quot;/Users/jonatan/Downloads/Retro/C64/C64 utils/png2prg-1.2/examples/assets/veto_room_with_view.png&quot;"
            isEnabled = "NO">
         </CommandLineArgument>
         <CommandLineArgument
            argument = "-i &quot;/Users/jonatan/Desktop/Test/Silhouettes &amp; lineart/gangster.jpg&quot;"
            isEnabled = "NO">
         </CommandLineArgument>
         <CommandLineArgument
            argument = "-i /Users/jonatan/Desktop/Test/tmp/arkiv/squares/pic_51.jpg"
            isEnabled = "NO">
         </CommandLineArgument>
         <CommandLineArgument
            argument = "-i &quot;/Users/jonatan/Desktop/Test/tmp/arkiv/airline/inn1.png&quot;"
            isEnabled = "NO">
         </CommandLineArgument>
         <CommandLineArgument
            argument = "-o /Users/jonatan/Desktop/output.png"
            isEnabled = "NO">
         </CommandLineArgument>
         <CommandLineArgument
            argument = "-h"
            isEnabled = "YES">
         </CommandLineArgument>
         <CommandLineArgument
            argument = "-i /Users/jonatan/Desktop/output3.png"
            isEnabled = "NO">
         </CommandLineArgument>
         <CommandLineArgument
            argument = " -e"
            isEnabled = "NO">
         </CommandLineArgument>
         <CommandLineArgument
            argument = "-P 4"
            isEnabled = "NO">
         </CommandLineArgument>
         <CommandLineArgument
            argument = "-p &quot;/Users/jonatan/Downloads/Retro/C64/C64 utils/png2prg-1.2/testdata/141151_palette.palette&quot;"
            isEnabled = "NO">
         </CommandLineArgument>
         <CommandLineArgument
            argument = "-c 2"
            isEnabled = "NO">
         </CommandLineArgument>
      </CommandLineArguments>
      <EnvironmentVariables>
         <EnvironmentVariable
            key = ""
            value = ""
            isEnabled = "NO">
         </EnvironmentVariable>
      </EnvironmentVariables>
   </LaunchAction>
   <ProfileAction
      buildConfiguration = "Release"
      shouldUseLaunchSchemeArgsEnv = "YES"
      savedToolIdentifier = ""
      useCustomWorkingDirectory = "NO"
      debugDocumentVersioning = "YES">
      <BuildableProductRunnable
         runnableDebuggingMode = "0">
         <BuildableReference
            BuildableIdentifier = "primary"
            BlueprintIdentifier = "8EECAA6B29B72A370033B764"
            BuildableName = "c64optimizer"
            BlueprintName = "c64optimizer"
            ReferencedContainer = "container:c64optimizer.xcodeproj">
         </BuildableReference>
      </BuildableProductRunnable>
   </ProfileAction>
   <AnalyzeAction
      buildConfiguration = "Debug">
   </AnalyzeAction>
   <ArchiveAction
      buildConfiguration = "Release"
      revealArchiveInOrganizer = "YES">
   </ArchiveAction>
</Scheme>
